// !$*UTF8*$!
{
	archiveVersion = 1;
	classes = {
	};
	objectVersion = 56;
	objects = {

/* Begin PBXBuildFile section */
		F41579D32BD70706000D2DA6 /* PasscodeView.swift in Sources */ = {isa = PBXBuildFile; fileRef = F41579D22BD70706000D2DA6 /* PasscodeView.swift */; };
		F41579D52BD71503000D2DA6 /* Entry.swift in Sources */ = {isa = PBXBuildFile; fileRef = F41579D42BD71503000D2DA6 /* Entry.swift */; };
		F46BA8E52BD51A7300FE8422 /* GoogleService-Info.plist in Resources */ = {isa = PBXBuildFile; fileRef = F46BA8E42BD51A7300FE8422 /* GoogleService-Info.plist */; };
		F46BA8E82BD51AD900FE8422 /* FirebaseAuth in Frameworks */ = {isa = PBXBuildFile; productRef = F46BA8E72BD51AD900FE8422 /* FirebaseAuth */; };
		F46BA8EA2BD51AD900FE8422 /* FirebaseFirestore in Frameworks */ = {isa = PBXBuildFile; productRef = F46BA8E92BD51AD900FE8422 /* FirebaseFirestore */; };
		F46BA8EC2BD51AD900FE8422 /* FirebaseFirestoreSwift in Frameworks */ = {isa = PBXBuildFile; productRef = F46BA8EB2BD51AD900FE8422 /* FirebaseFirestoreSwift */; };
		F46BA8EE2BD51AD900FE8422 /* FirebaseStorage in Frameworks */ = {isa = PBXBuildFile; productRef = F46BA8ED2BD51AD900FE8422 /* FirebaseStorage */; };
		F46BA8F02BD51AF600FE8422 /* AppDelegate.swift in Sources */ = {isa = PBXBuildFile; fileRef = F46BA8EF2BD51AF600FE8422 /* AppDelegate.swift */; };
		F46BA8F32BD51D9400FE8422 /* LoginView.swift in Sources */ = {isa = PBXBuildFile; fileRef = F46BA8F22BD51D9400FE8422 /* LoginView.swift */; };
		F46BA8F52BD51E1E00FE8422 /* LoginViewModel.swift in Sources */ = {isa = PBXBuildFile; fileRef = F46BA8F42BD51E1E00FE8422 /* LoginViewModel.swift */; };
		F46BA8F92BD51F6000FE8422 /* FirebaseManager.swift in Sources */ = {isa = PBXBuildFile; fileRef = F46BA8F82BD51F6000FE8422 /* FirebaseManager.swift */; };
		F46BA8FC2BD52EB500FE8422 /* RoundedTextFieldModifier.swift in Sources */ = {isa = PBXBuildFile; fileRef = F46BA8FB2BD52EB500FE8422 /* RoundedTextFieldModifier.swift */; };
		F46BA90D2BD587FD00FE8422 /* LogoutView.swift in Sources */ = {isa = PBXBuildFile; fileRef = F46BA90C2BD587FD00FE8422 /* LogoutView.swift */; };
		F46BA9102BD588A800FE8422 /* MainView.swift in Sources */ = {isa = PBXBuildFile; fileRef = F46BA90F2BD588A800FE8422 /* MainView.swift */; };
		F46BA9132BD58B5A00FE8422 /* UserManager.swift in Sources */ = {isa = PBXBuildFile; fileRef = F46BA9122BD58B5A00FE8422 /* UserManager.swift */; };
		F46BA9152BD58B7C00FE8422 /* User.swift in Sources */ = {isa = PBXBuildFile; fileRef = F46BA9142BD58B7C00FE8422 /* User.swift */; };
		F46BA9172BD5B54F00FE8422 /* AppState.swift in Sources */ = {isa = PBXBuildFile; fileRef = F46BA9162BD5B54F00FE8422 /* AppState.swift */; };
		F46BA91D2BD5C36400FE8422 /* AnyError.swift in Sources */ = {isa = PBXBuildFile; fileRef = F46BA91C2BD5C36400FE8422 /* AnyError.swift */; };
		F46BA9202BD63EFF00FE8422 /* CreateEnergyGroupPromptView.swift in Sources */ = {isa = PBXBuildFile; fileRef = F46BA91F2BD63EFF00FE8422 /* CreateEnergyGroupPromptView.swift */; };
		F46BA9222BD6433D00FE8422 /* CreateEnergyGroupForm.swift in Sources */ = {isa = PBXBuildFile; fileRef = F46BA9212BD6433D00FE8422 /* CreateEnergyGroupForm.swift */; };
		F46BA9242BD644BB00FE8422 /* CreateEnergyGroupViewModel.swift in Sources */ = {isa = PBXBuildFile; fileRef = F46BA9232BD644BB00FE8422 /* CreateEnergyGroupViewModel.swift */; };
		F46BA9262BD6487000FE8422 /* EnergyGroup.swift in Sources */ = {isa = PBXBuildFile; fileRef = F46BA9252BD6487000FE8422 /* EnergyGroup.swift */; };
		F46BA9292BD6523100FE8422 /* EnergyGroupView.swift in Sources */ = {isa = PBXBuildFile; fileRef = F46BA9282BD6523100FE8422 /* EnergyGroupView.swift */; };
		F46BA92B2BD65AEF00FE8422 /* EnergyGroupManager.swift in Sources */ = {isa = PBXBuildFile; fileRef = F46BA92A2BD65AEE00FE8422 /* EnergyGroupManager.swift */; };
		F46BA92D2BD665F100FE8422 /* TabsView.swift in Sources */ = {isa = PBXBuildFile; fileRef = F46BA92C2BD665F100FE8422 /* TabsView.swift */; };
		F46BA9302BD6664500FE8422 /* Tab.swift in Sources */ = {isa = PBXBuildFile; fileRef = F46BA92F2BD6664500FE8422 /* Tab.swift */; };
		F46BA9322BD66BA900FE8422 /* EnergyGroupMembersView.swift in Sources */ = {isa = PBXBuildFile; fileRef = F46BA9312BD66BA800FE8422 /* EnergyGroupMembersView.swift */; };
		F46BA9352BD676AD00FE8422 /* Nuke in Frameworks */ = {isa = PBXBuildFile; productRef = F46BA9342BD676AD00FE8422 /* Nuke */; };
		F46BA9372BD676AD00FE8422 /* NukeUI in Frameworks */ = {isa = PBXBuildFile; productRef = F46BA9362BD676AD00FE8422 /* NukeUI */; };
		F46BA9392BD6781E00FE8422 /* EnergyGroupMemberRowView.swift in Sources */ = {isa = PBXBuildFile; fileRef = F46BA9382BD6781E00FE8422 /* EnergyGroupMemberRowView.swift */; };
		F46BA93B2BD6823000FE8422 /* AddEnergyGroupMembersSheet.swift in Sources */ = {isa = PBXBuildFile; fileRef = F46BA93A2BD6823000FE8422 /* AddEnergyGroupMembersSheet.swift */; };
		F48B3AA22BD6F2DB009AE837 /* FaceRecognitionViewModel.swift in Sources */ = {isa = PBXBuildFile; fileRef = F48B3A9F2BD6F2DB009AE837 /* FaceRecognitionViewModel.swift */; };
		F48B3AA32BD6F2DB009AE837 /* ScanFaceView.swift in Sources */ = {isa = PBXBuildFile; fileRef = F48B3AA02BD6F2DB009AE837 /* ScanFaceView.swift */; };
		F48B3AA62BD6F309009AE837 /* CameraImagePicker.swift in Sources */ = {isa = PBXBuildFile; fileRef = F48B3AA42BD6F309009AE837 /* CameraImagePicker.swift */; };
		F48B3AA92BD6F396009AE837 /* NetworkService.swift in Sources */ = {isa = PBXBuildFile; fileRef = F48B3AA82BD6F396009AE837 /* NetworkService.swift */; };
		F4C0DA022BBD6176004D897B /* PermitApp.swift in Sources */ = {isa = PBXBuildFile; fileRef = F4C0DA012BBD6176004D897B /* PermitApp.swift */; };
		F4C0DA062BBD6177004D897B /* Assets.xcassets in Resources */ = {isa = PBXBuildFile; fileRef = F4C0DA052BBD6177004D897B /* Assets.xcassets */; };
		F4C0DA092BBD6177004D897B /* Assets.xcassets in Resources */ = {isa = PBXBuildFile; fileRef = F4C0DA082BBD6177004D897B /* Assets.xcassets */; };
		F4C0DA222BBD7A15004D897B /* Extensions.swift in Sources */ = {isa = PBXBuildFile; fileRef = F4C0DA212BBD7A15004D897B /* Extensions.swift */; };
		F4C6EC492BD7CAA4007383EF /* GroupedSection.swift in Sources */ = {isa = PBXBuildFile; fileRef = F4C6EC482BD7CAA4007383EF /* GroupedSection.swift */; };
/* End PBXBuildFile section */

/* Begin PBXFileReference section */
		F41579D22BD70706000D2DA6 /* PasscodeView.swift */ = {isa = PBXFileReference; lastKnownFileType = sourcecode.swift; path = PasscodeView.swift; sourceTree = "<group>"; };
		F41579D42BD71503000D2DA6 /* Entry.swift */ = {isa = PBXFileReference; lastKnownFileType = sourcecode.swift; path = Entry.swift; sourceTree = "<group>"; };
		F46BA8E42BD51A7300FE8422 /* GoogleService-Info.plist */ = {isa = PBXFileReference; fileEncoding = 4; lastKnownFileType = text.plist.xml; path = "GoogleService-Info.plist"; sourceTree = "<group>"; };
		F46BA8EF2BD51AF600FE8422 /* AppDelegate.swift */ = {isa = PBXFileReference; lastKnownFileType = sourcecode.swift; path = AppDelegate.swift; sourceTree = "<group>"; };
		F46BA8F22BD51D9400FE8422 /* LoginView.swift */ = {isa = PBXFileReference; lastKnownFileType = sourcecode.swift; path = LoginView.swift; sourceTree = "<group>"; };
		F46BA8F42BD51E1E00FE8422 /* LoginViewModel.swift */ = {isa = PBXFileReference; lastKnownFileType = sourcecode.swift; path = LoginViewModel.swift; sourceTree = "<group>"; };
		F46BA8F82BD51F6000FE8422 /* FirebaseManager.swift */ = {isa = PBXFileReference; lastKnownFileType = sourcecode.swift; path = FirebaseManager.swift; sourceTree = "<group>"; };
		F46BA8FB2BD52EB500FE8422 /* RoundedTextFieldModifier.swift */ = {isa = PBXFileReference; lastKnownFileType = sourcecode.swift; path = RoundedTextFieldModifier.swift; sourceTree = "<group>"; };
		F46BA90C2BD587FD00FE8422 /* LogoutView.swift */ = {isa = PBXFileReference; lastKnownFileType = sourcecode.swift; path = LogoutView.swift; sourceTree = "<group>"; };
		F46BA90F2BD588A800FE8422 /* MainView.swift */ = {isa = PBXFileReference; lastKnownFileType = sourcecode.swift; path = MainView.swift; sourceTree = "<group>"; };
		F46BA9122BD58B5A00FE8422 /* UserManager.swift */ = {isa = PBXFileReference; lastKnownFileType = sourcecode.swift; path = UserManager.swift; sourceTree = "<group>"; };
		F46BA9142BD58B7C00FE8422 /* User.swift */ = {isa = PBXFileReference; lastKnownFileType = sourcecode.swift; path = User.swift; sourceTree = "<group>"; };
		F46BA9162BD5B54F00FE8422 /* AppState.swift */ = {isa = PBXFileReference; lastKnownFileType = sourcecode.swift; path = AppState.swift; sourceTree = "<group>"; };
		F46BA91C2BD5C36400FE8422 /* AnyError.swift */ = {isa = PBXFileReference; lastKnownFileType = sourcecode.swift; path = AnyError.swift; sourceTree = "<group>"; };
		F46BA91F2BD63EFF00FE8422 /* CreateEnergyGroupPromptView.swift */ = {isa = PBXFileReference; lastKnownFileType = sourcecode.swift; path = CreateEnergyGroupPromptView.swift; sourceTree = "<group>"; };
		F46BA9212BD6433D00FE8422 /* CreateEnergyGroupForm.swift */ = {isa = PBXFileReference; lastKnownFileType = sourcecode.swift; path = CreateEnergyGroupForm.swift; sourceTree = "<group>"; };
		F46BA9232BD644BB00FE8422 /* CreateEnergyGroupViewModel.swift */ = {isa = PBXFileReference; lastKnownFileType = sourcecode.swift; path = CreateEnergyGroupViewModel.swift; sourceTree = "<group>"; };
		F46BA9252BD6487000FE8422 /* EnergyGroup.swift */ = {isa = PBXFileReference; lastKnownFileType = sourcecode.swift; path = EnergyGroup.swift; sourceTree = "<group>"; };
		F46BA9282BD6523100FE8422 /* EnergyGroupView.swift */ = {isa = PBXFileReference; lastKnownFileType = sourcecode.swift; path = EnergyGroupView.swift; sourceTree = "<group>"; };
		F46BA92A2BD65AEE00FE8422 /* EnergyGroupManager.swift */ = {isa = PBXFileReference; lastKnownFileType = sourcecode.swift; path = EnergyGroupManager.swift; sourceTree = "<group>"; };
		F46BA92C2BD665F100FE8422 /* TabsView.swift */ = {isa = PBXFileReference; lastKnownFileType = sourcecode.swift; path = TabsView.swift; sourceTree = "<group>"; };
		F46BA92F2BD6664500FE8422 /* Tab.swift */ = {isa = PBXFileReference; lastKnownFileType = sourcecode.swift; path = Tab.swift; sourceTree = "<group>"; };
		F46BA9312BD66BA800FE8422 /* EnergyGroupMembersView.swift */ = {isa = PBXFileReference; lastKnownFileType = sourcecode.swift; path = EnergyGroupMembersView.swift; sourceTree = "<group>"; };
		F46BA9382BD6781E00FE8422 /* EnergyGroupMemberRowView.swift */ = {isa = PBXFileReference; lastKnownFileType = sourcecode.swift; path = EnergyGroupMemberRowView.swift; sourceTree = "<group>"; };
		F46BA93A2BD6823000FE8422 /* AddEnergyGroupMembersSheet.swift */ = {isa = PBXFileReference; lastKnownFileType = sourcecode.swift; path = AddEnergyGroupMembersSheet.swift; sourceTree = "<group>"; };
		F48B3A9F2BD6F2DB009AE837 /* FaceRecognitionViewModel.swift */ = {isa = PBXFileReference; fileEncoding = 4; lastKnownFileType = sourcecode.swift; path = FaceRecognitionViewModel.swift; sourceTree = "<group>"; };
		F48B3AA02BD6F2DB009AE837 /* ScanFaceView.swift */ = {isa = PBXFileReference; fileEncoding = 4; lastKnownFileType = sourcecode.swift; path = ScanFaceView.swift; sourceTree = "<group>"; };
		F48B3AA42BD6F309009AE837 /* CameraImagePicker.swift */ = {isa = PBXFileReference; fileEncoding = 4; lastKnownFileType = sourcecode.swift; path = CameraImagePicker.swift; sourceTree = "<group>"; };
		F48B3AA82BD6F396009AE837 /* NetworkService.swift */ = {isa = PBXFileReference; fileEncoding = 4; lastKnownFileType = sourcecode.swift; path = NetworkService.swift; sourceTree = "<group>"; };
		F4C0D9FE2BBD6176004D897B /* Permit.app */ = {isa = PBXFileReference; explicitFileType = wrapper.application; includeInIndex = 0; path = Permit.app; sourceTree = BUILT_PRODUCTS_DIR; };
		F4C0DA012BBD6176004D897B /* PermitApp.swift */ = {isa = PBXFileReference; lastKnownFileType = sourcecode.swift; path = PermitApp.swift; sourceTree = "<group>"; };
		F4C0DA052BBD6177004D897B /* Assets.xcassets */ = {isa = PBXFileReference; lastKnownFileType = folder.assetcatalog; path = Assets.xcassets; sourceTree = "<group>"; };
		F4C0DA082BBD6177004D897B /* Assets.xcassets */ = {isa = PBXFileReference; lastKnownFileType = folder.assetcatalog; path = Assets.xcassets; sourceTree = "<group>"; };
		F4C0DA212BBD7A15004D897B /* Extensions.swift */ = {isa = PBXFileReference; lastKnownFileType = sourcecode.swift; path = Extensions.swift; sourceTree = "<group>"; };
		F4C6EC482BD7CAA4007383EF /* GroupedSection.swift */ = {isa = PBXFileReference; lastKnownFileType = sourcecode.swift; path = GroupedSection.swift; sourceTree = "<group>"; };
/* End PBXFileReference section */

/* Begin PBXFrameworksBuildPhase section */
		F4C0D9FB2BBD6176004D897B /* Frameworks */ = {
			isa = PBXFrameworksBuildPhase;
			buildActionMask = 2147483647;
			files = (
				F46BA8E82BD51AD900FE8422 /* FirebaseAuth in Frameworks */,
				F46BA8EE2BD51AD900FE8422 /* FirebaseStorage in Frameworks */,
				F46BA8EA2BD51AD900FE8422 /* FirebaseFirestore in Frameworks */,
				F46BA9372BD676AD00FE8422 /* NukeUI in Frameworks */,
				F46BA8EC2BD51AD900FE8422 /* FirebaseFirestoreSwift in Frameworks */,
				F46BA9352BD676AD00FE8422 /* Nuke in Frameworks */,
			);
			runOnlyForDeploymentPostprocessing = 0;
		};
/* End PBXFrameworksBuildPhase section */

/* Begin PBXGroup section */
		F41579D12BD706F4000D2DA6 /* Passcode */ = {
			isa = PBXGroup;
			children = (
				F41579D22BD70706000D2DA6 /* PasscodeView.swift */,
			);
			path = Passcode;
			sourceTree = "<group>";
		};
		F46BA8F12BD51D8C00FE8422 /* Screens */ = {
			isa = PBXGroup;
			children = (
				F46BA91E2BD63EE400FE8422 /* Group */,
				F46BA90E2BD588A100FE8422 /* Main */,
				F46BA92E2BD665F400FE8422 /* Tabs */,
				F46BA9072BD5879900FE8422 /* Login */,
				F46BA90B2BD587EE00FE8422 /* Logout */,
				F41579D12BD706F4000D2DA6 /* Passcode */,
				F48B3AA12BD6F2DB009AE837 /* Recognition */,
			);
			path = Screens;
			sourceTree = "<group>";
		};
		F46BA8F72BD51F4B00FE8422 /* Firebase */ = {
			isa = PBXGroup;
			children = (
				F46BA8F82BD51F6000FE8422 /* FirebaseManager.swift */,
			);
			path = Firebase;
			sourceTree = "<group>";
		};
		F46BA8FA2BD52EA300FE8422 /* Modifiers */ = {
			isa = PBXGroup;
			children = (
				F46BA8FB2BD52EB500FE8422 /* RoundedTextFieldModifier.swift */,
			);
			path = Modifiers;
			sourceTree = "<group>";
		};
		F46BA9072BD5879900FE8422 /* Login */ = {
			isa = PBXGroup;
			children = (
				F46BA8F22BD51D9400FE8422 /* LoginView.swift */,
				F46BA8F42BD51E1E00FE8422 /* LoginViewModel.swift */,
			);
			path = Login;
			sourceTree = "<group>";
		};
		F46BA90B2BD587EE00FE8422 /* Logout */ = {
			isa = PBXGroup;
			children = (
				F46BA90C2BD587FD00FE8422 /* LogoutView.swift */,
			);
			path = Logout;
			sourceTree = "<group>";
		};
		F46BA90E2BD588A100FE8422 /* Main */ = {
			isa = PBXGroup;
			children = (
				F46BA90F2BD588A800FE8422 /* MainView.swift */,
			);
			path = Main;
			sourceTree = "<group>";
		};
		F46BA9112BD58B4C00FE8422 /* User */ = {
			isa = PBXGroup;
			children = (
				F46BA9142BD58B7C00FE8422 /* User.swift */,
				F46BA9122BD58B5A00FE8422 /* UserManager.swift */,
			);
			path = User;
			sourceTree = "<group>";
		};
		F46BA91E2BD63EE400FE8422 /* Group */ = {
			isa = PBXGroup;
			children = (
				F46BA9252BD6487000FE8422 /* EnergyGroup.swift */,
				F46BA9282BD6523100FE8422 /* EnergyGroupView.swift */,
				F46BA9212BD6433D00FE8422 /* CreateEnergyGroupForm.swift */,
				F46BA91F2BD63EFF00FE8422 /* CreateEnergyGroupPromptView.swift */,
				F46BA9232BD644BB00FE8422 /* CreateEnergyGroupViewModel.swift */,
				F46BA92A2BD65AEE00FE8422 /* EnergyGroupManager.swift */,
				F46BA9312BD66BA800FE8422 /* EnergyGroupMembersView.swift */,
				F46BA9382BD6781E00FE8422 /* EnergyGroupMemberRowView.swift */,
				F46BA93A2BD6823000FE8422 /* AddEnergyGroupMembersSheet.swift */,
				F41579D42BD71503000D2DA6 /* Entry.swift */,
			);
			path = Group;
			sourceTree = "<group>";
		};
		F46BA92E2BD665F400FE8422 /* Tabs */ = {
			isa = PBXGroup;
			children = (
				F46BA92C2BD665F100FE8422 /* TabsView.swift */,
				F46BA92F2BD6664500FE8422 /* Tab.swift */,
			);
			path = Tabs;
			sourceTree = "<group>";
		};
		F48B3AA12BD6F2DB009AE837 /* Recognition */ = {
			isa = PBXGroup;
			children = (
				F48B3AA02BD6F2DB009AE837 /* ScanFaceView.swift */,
				F48B3A9F2BD6F2DB009AE837 /* FaceRecognitionViewModel.swift */,
			);
			path = Recognition;
			sourceTree = "<group>";
		};
		F48B3AA52BD6F309009AE837 /* Views */ = {
			isa = PBXGroup;
			children = (
				F48B3AA42BD6F309009AE837 /* CameraImagePicker.swift */,
			);
			path = Views;
			sourceTree = "<group>";
		};
		F48B3AA72BD6F389009AE837 /* Network */ = {
			isa = PBXGroup;
			children = (
				F48B3AA82BD6F396009AE837 /* NetworkService.swift */,
			);
			path = Network;
			sourceTree = "<group>";
		};
		F4C0D9F52BBD6176004D897B = {
			isa = PBXGroup;
			children = (
				F4C0DA002BBD6176004D897B /* Permit */,
				F4C0D9FF2BBD6176004D897B /* Products */,
			);
			sourceTree = "<group>";
		};
		F4C0D9FF2BBD6176004D897B /* Products */ = {
			isa = PBXGroup;
			children = (
				F4C0D9FE2BBD6176004D897B /* Permit.app */,
			);
			name = Products;
			sourceTree = "<group>";
		};
		F4C0DA002BBD6176004D897B /* Permit */ = {
			isa = PBXGroup;
			children = (
				F4C0DA162BBD74ED004D897B /* App */,
				F4C0DA202BBD7A0B004D897B /* Helpers */,
				F48B3AA72BD6F389009AE837 /* Network */,
				F46BA8FA2BD52EA300FE8422 /* Modifiers */,
				F46BA8F72BD51F4B00FE8422 /* Firebase */,
				F46BA9112BD58B4C00FE8422 /* User */,
				F48B3AA52BD6F309009AE837 /* Views */,
				F46BA8F12BD51D8C00FE8422 /* Screens */,
				F4C0DA072BBD6177004D897B /* Previews */,
				F46BA8E42BD51A7300FE8422 /* GoogleService-Info.plist */,
				F4C0DA052BBD6177004D897B /* Assets.xcassets */,
			);
			path = Permit;
			sourceTree = "<group>";
		};
		F4C0DA072BBD6177004D897B /* Previews */ = {
			isa = PBXGroup;
			children = (
				F4C0DA082BBD6177004D897B /* Assets.xcassets */,
			);
			path = Previews;
			sourceTree = "<group>";
		};
		F4C0DA162BBD74ED004D897B /* App */ = {
			isa = PBXGroup;
			children = (
				F46BA9162BD5B54F00FE8422 /* AppState.swift */,
				F4C0DA012BBD6176004D897B /* PermitApp.swift */,
				F46BA8EF2BD51AF600FE8422 /* AppDelegate.swift */,
			);
			path = App;
			sourceTree = "<group>";
		};
		F4C0DA202BBD7A0B004D897B /* Helpers */ = {
			isa = PBXGroup;
			children = (
				F46BA91C2BD5C36400FE8422 /* AnyError.swift */,
				F4C0DA212BBD7A15004D897B /* Extensions.swift */,
				F4C6EC482BD7CAA4007383EF /* GroupedSection.swift */,
			);
			path = Helpers;
			sourceTree = "<group>";
		};
/* End PBXGroup section */

/* Begin PBXNativeTarget section */
		F4C0D9FD2BBD6176004D897B /* Permit */ = {
			isa = PBXNativeTarget;
			buildConfigurationList = F4C0DA0C2BBD6177004D897B /* Build configuration list for PBXNativeTarget "Permit" */;
			buildPhases = (
				F4C0D9FA2BBD6176004D897B /* Sources */,
				F4C0D9FB2BBD6176004D897B /* Frameworks */,
				F4C0D9FC2BBD6176004D897B /* Resources */,
			);
			buildRules = (
			);
			dependencies = (
			);
			name = Permit;
			packageProductDependencies = (
				F46BA8E72BD51AD900FE8422 /* FirebaseAuth */,
				F46BA8E92BD51AD900FE8422 /* FirebaseFirestore */,
				F46BA8EB2BD51AD900FE8422 /* FirebaseFirestoreSwift */,
				F46BA8ED2BD51AD900FE8422 /* FirebaseStorage */,
				F46BA9342BD676AD00FE8422 /* Nuke */,
				F46BA9362BD676AD00FE8422 /* NukeUI */,
			);
			productName = Permit;
			productReference = F4C0D9FE2BBD6176004D897B /* Permit.app */;
			productType = "com.apple.product-type.application";
		};
/* End PBXNativeTarget section */

/* Begin PBXProject section */
		F4C0D9F62BBD6176004D897B /* Project object */ = {
			isa = PBXProject;
			attributes = {
				BuildIndependentTargetsInParallel = 1;
				LastSwiftUpdateCheck = 1520;
				LastUpgradeCheck = 1520;
				TargetAttributes = {
					F4C0D9FD2BBD6176004D897B = {
						CreatedOnToolsVersion = 15.2;
					};
				};
			};
			buildConfigurationList = F4C0D9F92BBD6176004D897B /* Build configuration list for PBXProject "Permit" */;
			compatibilityVersion = "Xcode 14.0";
			developmentRegion = en;
			hasScannedForEncodings = 0;
			knownRegions = (
				en,
				Base,
			);
			mainGroup = F4C0D9F52BBD6176004D897B;
			packageReferences = (
				F46BA8E62BD51AD900FE8422 /* XCRemoteSwiftPackageReference "firebase-ios-sdk" */,
				F46BA9332BD676AD00FE8422 /* XCRemoteSwiftPackageReference "Nuke" */,
			);
			productRefGroup = F4C0D9FF2BBD6176004D897B /* Products */;
			projectDirPath = "";
			projectRoot = "";
			targets = (
				F4C0D9FD2BBD6176004D897B /* Permit */,
			);
		};
/* End PBXProject section */

/* Begin PBXResourcesBuildPhase section */
		F4C0D9FC2BBD6176004D897B /* Resources */ = {
			isa = PBXResourcesBuildPhase;
			buildActionMask = 2147483647;
			files = (
				F4C0DA092BBD6177004D897B /* Assets.xcassets in Resources */,
				F4C0DA062BBD6177004D897B /* Assets.xcassets in Resources */,
				F46BA8E52BD51A7300FE8422 /* GoogleService-Info.plist in Resources */,
			);
			runOnlyForDeploymentPostprocessing = 0;
		};
/* End PBXResourcesBuildPhase section */

/* Begin PBXSourcesBuildPhase section */
		F4C0D9FA2BBD6176004D897B /* Sources */ = {
			isa = PBXSourcesBuildPhase;
			buildActionMask = 2147483647;
			files = (
				F41579D52BD71503000D2DA6 /* Entry.swift in Sources */,
				F46BA91D2BD5C36400FE8422 /* AnyError.swift in Sources */,
				F46BA9102BD588A800FE8422 /* MainView.swift in Sources */,
				F46BA9392BD6781E00FE8422 /* EnergyGroupMemberRowView.swift in Sources */,
				F46BA9132BD58B5A00FE8422 /* UserManager.swift in Sources */,
				F48B3AA22BD6F2DB009AE837 /* FaceRecognitionViewModel.swift in Sources */,
				F46BA92B2BD65AEF00FE8422 /* EnergyGroupManager.swift in Sources */,
				F48B3AA92BD6F396009AE837 /* NetworkService.swift in Sources */,
				F46BA9262BD6487000FE8422 /* EnergyGroup.swift in Sources */,
				F46BA90D2BD587FD00FE8422 /* LogoutView.swift in Sources */,
				F46BA9302BD6664500FE8422 /* Tab.swift in Sources */,
				F46BA9242BD644BB00FE8422 /* CreateEnergyGroupViewModel.swift in Sources */,
				F46BA9292BD6523100FE8422 /* EnergyGroupView.swift in Sources */,
				F46BA9202BD63EFF00FE8422 /* CreateEnergyGroupPromptView.swift in Sources */,
				F41579D32BD70706000D2DA6 /* PasscodeView.swift in Sources */,
				F46BA93B2BD6823000FE8422 /* AddEnergyGroupMembersSheet.swift in Sources */,
				F46BA8FC2BD52EB500FE8422 /* RoundedTextFieldModifier.swift in Sources */,
				F48B3AA32BD6F2DB009AE837 /* ScanFaceView.swift in Sources */,
				F46BA8F92BD51F6000FE8422 /* FirebaseManager.swift in Sources */,
				F4C0DA222BBD7A15004D897B /* Extensions.swift in Sources */,
				F46BA9152BD58B7C00FE8422 /* User.swift in Sources */,
				F46BA8F02BD51AF600FE8422 /* AppDelegate.swift in Sources */,
				F4C6EC492BD7CAA4007383EF /* GroupedSection.swift in Sources */,
				F46BA92D2BD665F100FE8422 /* TabsView.swift in Sources */,
				F48B3AA62BD6F309009AE837 /* CameraImagePicker.swift in Sources */,
				F46BA9322BD66BA900FE8422 /* EnergyGroupMembersView.swift in Sources */,
				F46BA9222BD6433D00FE8422 /* CreateEnergyGroupForm.swift in Sources */,
				F46BA9172BD5B54F00FE8422 /* AppState.swift in Sources */,
				F46BA8F32BD51D9400FE8422 /* LoginView.swift in Sources */,
				F46BA8F52BD51E1E00FE8422 /* LoginViewModel.swift in Sources */,
				F4C0DA022BBD6176004D897B /* PermitApp.swift in Sources */,
			);
			runOnlyForDeploymentPostprocessing = 0;
		};
/* End PBXSourcesBuildPhase section */

/* Begin XCBuildConfiguration section */
		F4C0DA0A2BBD6177004D897B /* Debug */ = {
			isa = XCBuildConfiguration;
			buildSettings = {
				ALWAYS_SEARCH_USER_PATHS = NO;
				ASSETCATALOG_COMPILER_GENERATE_SWIFT_ASSET_SYMBOL_EXTENSIONS = YES;
				CLANG_ANALYZER_NONNULL = YES;
				CLANG_ANALYZER_NUMBER_OBJECT_CONVERSION = YES_AGGRESSIVE;
				CLANG_CXX_LANGUAGE_STANDARD = "gnu++20";
				CLANG_ENABLE_MODULES = YES;
				CLANG_ENABLE_OBJC_ARC = YES;
				CLANG_ENABLE_OBJC_WEAK = YES;
				CLANG_WARN_BLOCK_CAPTURE_AUTORELEASING = YES;
				CLANG_WARN_BOOL_CONVERSION = YES;
				CLANG_WARN_COMMA = YES;
				CLANG_WARN_CONSTANT_CONVERSION = YES;
				CLANG_WARN_DEPRECATED_OBJC_IMPLEMENTATIONS = YES;
				CLANG_WARN_DIRECT_OBJC_ISA_USAGE = YES_ERROR;
				CLANG_WARN_DOCUMENTATION_COMMENTS = YES;
				CLANG_WARN_EMPTY_BODY = YES;
				CLANG_WARN_ENUM_CONVERSION = YES;
				CLANG_WARN_INFINITE_RECURSION = YES;
				CLANG_WARN_INT_CONVERSION = YES;
				CLANG_WARN_NON_LITERAL_NULL_CONVERSION = YES;
				CLANG_WARN_OBJC_IMPLICIT_RETAIN_SELF = YES;
				CLANG_WARN_OBJC_LITERAL_CONVERSION = YES;
				CLANG_WARN_OBJC_ROOT_CLASS = YES_ERROR;
				CLANG_WARN_QUOTED_INCLUDE_IN_FRAMEWORK_HEADER = YES;
				CLANG_WARN_RANGE_LOOP_ANALYSIS = YES;
				CLANG_WARN_STRICT_PROTOTYPES = YES;
				CLANG_WARN_SUSPICIOUS_MOVE = YES;
				CLANG_WARN_UNGUARDED_AVAILABILITY = YES_AGGRESSIVE;
				CLANG_WARN_UNREACHABLE_CODE = YES;
				CLANG_WARN__DUPLICATE_METHOD_MATCH = YES;
				COPY_PHASE_STRIP = NO;
				DEBUG_INFORMATION_FORMAT = dwarf;
				ENABLE_STRICT_OBJC_MSGSEND = YES;
				ENABLE_TESTABILITY = YES;
				ENABLE_USER_SCRIPT_SANDBOXING = YES;
				GCC_C_LANGUAGE_STANDARD = gnu17;
				GCC_DYNAMIC_NO_PIC = NO;
				GCC_NO_COMMON_BLOCKS = YES;
				GCC_OPTIMIZATION_LEVEL = 0;
				GCC_PREPROCESSOR_DEFINITIONS = (
					"DEBUG=1",
					"$(inherited)",
				);
				GCC_WARN_64_TO_32_BIT_CONVERSION = YES;
				GCC_WARN_ABOUT_RETURN_TYPE = YES_ERROR;
				GCC_WARN_UNDECLARED_SELECTOR = YES;
				GCC_WARN_UNINITIALIZED_AUTOS = YES_AGGRESSIVE;
				GCC_WARN_UNUSED_FUNCTION = YES;
				GCC_WARN_UNUSED_VARIABLE = YES;
				IPHONEOS_DEPLOYMENT_TARGET = 17.2;
				LOCALIZATION_PREFERS_STRING_CATALOGS = YES;
				MTL_ENABLE_DEBUG_INFO = INCLUDE_SOURCE;
				MTL_FAST_MATH = YES;
				ONLY_ACTIVE_ARCH = YES;
				SDKROOT = iphoneos;
				SWIFT_ACTIVE_COMPILATION_CONDITIONS = "DEBUG $(inherited)";
				SWIFT_OPTIMIZATION_LEVEL = "-Onone";
			};
			name = Debug;
		};
		F4C0DA0B2BBD6177004D897B /* Release */ = {
			isa = XCBuildConfiguration;
			buildSettings = {
				ALWAYS_SEARCH_USER_PATHS = NO;
				ASSETCATALOG_COMPILER_GENERATE_SWIFT_ASSET_SYMBOL_EXTENSIONS = YES;
				CLANG_ANALYZER_NONNULL = YES;
				CLANG_ANALYZER_NUMBER_OBJECT_CONVERSION = YES_AGGRESSIVE;
				CLANG_CXX_LANGUAGE_STANDARD = "gnu++20";
				CLANG_ENABLE_MODULES = YES;
				CLANG_ENABLE_OBJC_ARC = YES;
				CLANG_ENABLE_OBJC_WEAK = YES;
				CLANG_WARN_BLOCK_CAPTURE_AUTORELEASING = YES;
				CLANG_WARN_BOOL_CONVERSION = YES;
				CLANG_WARN_COMMA = YES;
				CLANG_WARN_CONSTANT_CONVERSION = YES;
				CLANG_WARN_DEPRECATED_OBJC_IMPLEMENTATIONS = YES;
				CLANG_WARN_DIRECT_OBJC_ISA_USAGE = YES_ERROR;
				CLANG_WARN_DOCUMENTATION_COMMENTS = YES;
				CLANG_WARN_EMPTY_BODY = YES;
				CLANG_WARN_ENUM_CONVERSION = YES;
				CLANG_WARN_INFINITE_RECURSION = YES;
				CLANG_WARN_INT_CONVERSION = YES;
				CLANG_WARN_NON_LITERAL_NULL_CONVERSION = YES;
				CLANG_WARN_OBJC_IMPLICIT_RETAIN_SELF = YES;
				CLANG_WARN_OBJC_LITERAL_CONVERSION = YES;
				CLANG_WARN_OBJC_ROOT_CLASS = YES_ERROR;
				CLANG_WARN_QUOTED_INCLUDE_IN_FRAMEWORK_HEADER = YES;
				CLANG_WARN_RANGE_LOOP_ANALYSIS = YES;
				CLANG_WARN_STRICT_PROTOTYPES = YES;
				CLANG_WARN_SUSPICIOUS_MOVE = YES;
				CLANG_WARN_UNGUARDED_AVAILABILITY = YES_AGGRESSIVE;
				CLANG_WARN_UNREACHABLE_CODE = YES;
				CLANG_WARN__DUPLICATE_METHOD_MATCH = YES;
				COPY_PHASE_STRIP = NO;
				DEBUG_INFORMATION_FORMAT = "dwarf-with-dsym";
				ENABLE_NS_ASSERTIONS = NO;
				ENABLE_STRICT_OBJC_MSGSEND = YES;
				ENABLE_USER_SCRIPT_SANDBOXING = YES;
				GCC_C_LANGUAGE_STANDARD = gnu17;
				GCC_NO_COMMON_BLOCKS = YES;
				GCC_WARN_64_TO_32_BIT_CONVERSION = YES;
				GCC_WARN_ABOUT_RETURN_TYPE = YES_ERROR;
				GCC_WARN_UNDECLARED_SELECTOR = YES;
				GCC_WARN_UNINITIALIZED_AUTOS = YES_AGGRESSIVE;
				GCC_WARN_UNUSED_FUNCTION = YES;
				GCC_WARN_UNUSED_VARIABLE = YES;
				IPHONEOS_DEPLOYMENT_TARGET = 17.2;
				LOCALIZATION_PREFERS_STRING_CATALOGS = YES;
				MTL_ENABLE_DEBUG_INFO = NO;
				MTL_FAST_MATH = YES;
				SDKROOT = iphoneos;
				SWIFT_COMPILATION_MODE = wholemodule;
				VALIDATE_PRODUCT = YES;
			};
			name = Release;
		};
		F4C0DA0D2BBD6177004D897B /* Debug */ = {
			isa = XCBuildConfiguration;
			buildSettings = {
				ASSETCATALOG_COMPILER_APPICON_NAME = AppIcon;
				ASSETCATALOG_COMPILER_GLOBAL_ACCENT_COLOR_NAME = AccentColor;
				CODE_SIGN_STYLE = Automatic;
				CURRENT_PROJECT_VERSION = 1;
				DEVELOPMENT_ASSET_PATHS = "\"Permit/Previews";
				DEVELOPMENT_TEAM = BJBR5CVTQD;
				ENABLE_PREVIEWS = YES;
				GENERATE_INFOPLIST_FILE = YES;
				INFOPLIST_KEY_NSCameraUsageDescription = "Used for shooting a portrait of a person.";
				INFOPLIST_KEY_UIApplicationSceneManifest_Generation = YES;
				INFOPLIST_KEY_UIApplicationSupportsIndirectInputEvents = YES;
				INFOPLIST_KEY_UILaunchScreen_Generation = YES;
				INFOPLIST_KEY_UISupportedInterfaceOrientations = UIInterfaceOrientationPortrait;
				LD_RUNPATH_SEARCH_PATHS = (
					"$(inherited)",
					"@executable_path/Frameworks",
				);
				MARKETING_VERSION = 1.0;
				PRODUCT_BUNDLE_IDENTIFIER = myronishyn.ihor.Permit;
				PRODUCT_NAME = "$(TARGET_NAME)";
				SWIFT_EMIT_LOC_STRINGS = YES;
				SWIFT_VERSION = 5.0;
				TARGETED_DEVICE_FAMILY = "1,2";
			};
			name = Debug;
		};
		F4C0DA0E2BBD6177004D897B /* Release */ = {
			isa = XCBuildConfiguration;
			buildSettings = {
				ASSETCATALOG_COMPILER_APPICON_NAME = AppIcon;
				ASSETCATALOG_COMPILER_GLOBAL_ACCENT_COLOR_NAME = AccentColor;
				CODE_SIGN_STYLE = Automatic;
				CURRENT_PROJECT_VERSION = 1;
				DEVELOPMENT_ASSET_PATHS = "\"Permit/Previews";
				DEVELOPMENT_TEAM = BJBR5CVTQD;
				ENABLE_PREVIEWS = YES;
				GENERATE_INFOPLIST_FILE = YES;
				INFOPLIST_KEY_NSCameraUsageDescription = "Used for shooting a portrait of a person.";
				INFOPLIST_KEY_UIApplicationSceneManifest_Generation = YES;
				INFOPLIST_KEY_UIApplicationSupportsIndirectInputEvents = YES;
				INFOPLIST_KEY_UILaunchScreen_Generation = YES;
				INFOPLIST_KEY_UISupportedInterfaceOrientations = UIInterfaceOrientationPortrait;
				LD_RUNPATH_SEARCH_PATHS = (
					"$(inherited)",
					"@executable_path/Frameworks",
				);
				MARKETING_VERSION = 1.0;
				PRODUCT_BUNDLE_IDENTIFIER = myronishyn.ihor.Permit;
				PRODUCT_NAME = "$(TARGET_NAME)";
				SWIFT_EMIT_LOC_STRINGS = YES;
				SWIFT_VERSION = 5.0;
				TARGETED_DEVICE_FAMILY = "1,2";
			};
			name = Release;
		};
/* End XCBuildConfiguration section */

/* Begin XCConfigurationList section */
		F4C0D9F92BBD6176004D897B /* Build configuration list for PBXProject "Permit" */ = {
			isa = XCConfigurationList;
			buildConfigurations = (
				F4C0DA0A2BBD6177004D897B /* Debug */,
				F4C0DA0B2BBD6177004D897B /* Release */,
			);
			defaultConfigurationIsVisible = 0;
			defaultConfigurationName = Release;
		};
		F4C0DA0C2BBD6177004D897B /* Build configuration list for PBXNativeTarget "Permit" */ = {
			isa = XCConfigurationList;
			buildConfigurations = (
				F4C0DA0D2BBD6177004D897B /* Debug */,
				F4C0DA0E2BBD6177004D897B /* Release */,
			);
			defaultConfigurationIsVisible = 0;
			defaultConfigurationName = Release;
		};
/* End XCConfigurationList section */

/* Begin XCRemoteSwiftPackageReference section */
		F46BA8E62BD51AD900FE8422 /* XCRemoteSwiftPackageReference "firebase-ios-sdk" */ = {
			isa = XCRemoteSwiftPackageReference;
			repositoryURL = "https://github.com/firebase/firebase-ios-sdk";
			requirement = {
				kind = exactVersion;
				version = 10.24.0;
			};
		};
		F46BA9332BD676AD00FE8422 /* XCRemoteSwiftPackageReference "Nuke" */ = {
			isa = XCRemoteSwiftPackageReference;
			repositoryURL = "https://github.com/kean/Nuke";
			requirement = {
				kind = exactVersion;
				version = 12.5.0;
			};
		};
/* End XCRemoteSwiftPackageReference section */

/* Begin XCSwiftPackageProductDependency section */
		F46BA8E72BD51AD900FE8422 /* FirebaseAuth */ = {
			isa = XCSwiftPackageProductDependency;
			package = F46BA8E62BD51AD900FE8422 /* XCRemoteSwiftPackageReference "firebase-ios-sdk" */;
			productName = FirebaseAuth;
		};
		F46BA8E92BD51AD900FE8422 /* FirebaseFirestore */ = {
			isa = XCSwiftPackageProductDependency;
			package = F46BA8E62BD51AD900FE8422 /* XCRemoteSwiftPackageReference "firebase-ios-sdk" */;
			productName = FirebaseFirestore;
		};
		F46BA8EB2BD51AD900FE8422 /* FirebaseFirestoreSwift */ = {
			isa = XCSwiftPackageProductDependency;
			package = F46BA8E62BD51AD900FE8422 /* XCRemoteSwiftPackageReference "firebase-ios-sdk" */;
			productName = FirebaseFirestoreSwift;
		};
		F46BA8ED2BD51AD900FE8422 /* FirebaseStorage */ = {
			isa = XCSwiftPackageProductDependency;
			package = F46BA8E62BD51AD900FE8422 /* XCRemoteSwiftPackageReference "firebase-ios-sdk" */;
			productName = FirebaseStorage;
		};
		F46BA9342BD676AD00FE8422 /* Nuke */ = {
			isa = XCSwiftPackageProductDependency;
			package = F46BA9332BD676AD00FE8422 /* XCRemoteSwiftPackageReference "Nuke" */;
			productName = Nuke;
		};
		F46BA9362BD676AD00FE8422 /* NukeUI */ = {
			isa = XCSwiftPackageProductDependency;
			package = F46BA9332BD676AD00FE8422 /* XCRemoteSwiftPackageReference "Nuke" */;
			productName = NukeUI;
		};
/* End XCSwiftPackageProductDependency section */
	};
	rootObject = F4C0D9F62BBD6176004D897B /* Project object */;
}
